
Microsoft Visual Studio Solution File, Format Version 12.00
# Visual Studio Version 17
VisualStudioVersion = 17.5.002.0
MinimumVisualStudioVersion = 10.0.40219.1
Project("{9A19103F-16F7-4668-BE54-9A1E7A4F7556}") = "empleado.api", "empleado.api.csproj", "{8CF67BA5-B2F3-46D9-AB78-D9F59325F813}"
EndProject
Global
	GlobalSection(SolutionConfigurationPlatforms) = preSolution
		Debug|Any CPU = Debug|Any CPU
		Release|Any CPU = Release|Any CPU
	EndGlobalSection
	GlobalSection(ProjectConfigurationPlatforms) = postSolution
		{8CF67BA5-B2F3-46D9-AB78-D9F59325F813}.Debug|Any CPU.ActiveCfg = Debug|Any CPU
		{8CF67BA5-B2F3-46D9-AB78-D9F59325F813}.Debug|Any CPU.Build.0 = Debug|Any CPU
		{8CF67BA5-B2F3-46D9-AB78-D9F59325F813}.Release|Any CPU.ActiveCfg = Release|Any CPU
		{8CF67BA5-B2F3-46D9-AB78-D9F59325F813}.Release|Any CPU.Build.0 = Release|Any CPU
	EndGlobalSection
	GlobalSection(SolutionProperties) = preSolution
		HideSolutionNode = FALSE
	EndGlobalSection
	GlobalSection(ExtensibilityGlobals) = postSolution
		SolutionGuid = {53DD8BAB-1E31-4EF6-AE3D-369ECA532956}
	EndGlobalSection
EndGlobal
